
Microsoft Visual Studio Solution File, Format Version 12.00
# Visual Studio 2013
VisualStudioVersion = 12.0.40629.0
MinimumVisualStudioVersion = 10.0.40219.1
Project("{FAE04EC0-301F-11D3-BF4B-00C04F79EFBC}") = "Playout.UI", "Playout.UI\Playout.UI.csproj", "{B156498A-3075-48A4-A5EC-5FBADC050F93}"
EndProject
Project("{FAE04EC0-301F-11D3-BF4B-00C04F79EFBC}") = "Playout.ApplicationService", "Playout.ApplicationService\Playout.ApplicationService.csproj", "{1E5EDFE0-890E-4C78-BC62-46AFD28B6819}"
EndProject
Project("{FAE04EC0-301F-11D3-BF4B-00C04F79EFBC}") = "Playout.Models", "Playout.Models\Playout.Models.csproj", "{5C23020E-C9EE-4963-8A57-E8780F671DB6}"
EndProject
Project("{FAE04EC0-301F-11D3-BF4B-00C04F79EFBC}") = "Playout.ViewModels", "Playout.ViewModels\Playout.ViewModels.csproj", "{4148EF9E-5B5D-40BF-A5BC-AABEABD21D59}"
EndProject
Project("{FAE04EC0-301F-11D3-BF4B-00C04F79EFBC}") = "Playout.Base", "Playout.Base\Playout.Base.csproj", "{6C4F9D42-23D4-4C4A-B9E5-9F70C042D633}"
EndProject
Project("{FAE04EC0-301F-11D3-BF4B-00C04F79EFBC}") = "Playout.DataService", "Playout.DataService\Playout.DataService.csproj", "{8158C5FC-D0A5-4EA0-8138-B1A1690ED28F}"
EndProject
Project("{FAE04EC0-301F-11D3-BF4B-00C04F79EFBC}") = "Playout.MediaFramework", "Playout.MediaFramework\Playout.MediaFramework.csproj", "{FECBB222-BA32-44B2-B1E5-9324729189A5}"
EndProject
Project("{FAE04EC0-301F-11D3-BF4B-00C04F79EFBC}") = "Framework", "Framework\Framework.csproj", "{20D52B40-00B7-40D1-A3A0-56F3D900C0D6}"
EndProject
Project("{FAE04EC0-301F-11D3-BF4B-00C04F79EFBC}") = "Framework.UI", "Framework.UI\Framework.UI.csproj", "{925D4016-8D41-4E81-9287-695C5A1E1E85}"
EndProject
Project("{2150E333-8FDC-42A3-9474-1A3956D46DE8}") = "Playout", "Playout", "{9F4B6A6F-143E-430E-AAAC-137062A8C89D}"
EndProject
Project("{FAE04EC0-301F-11D3-BF4B-00C04F79EFBC}") = "Playout.DI", "Playout.DI\Playout.DI.csproj", "{2688F249-C0D9-46AE-BE98-11DB0CA9E53E}"
EndProject
Project("{FAE04EC0-301F-11D3-BF4B-00C04F79EFBC}") = "Playout.DirectShow", "Playout.DirectShow\Playout.DirectShow.csproj", "{4C0FFEBD-E828-418E-97D1-A5E46EACFBA1}"
EndProject
Project("{2150E333-8FDC-42A3-9474-1A3956D46DE8}") = "FrameworkUI", "FrameworkUI", "{5B7F7FBF-EB93-4C90-9AA4-9E06EF30C4DB}"
EndProject
Project("{FAE04EC0-301F-11D3-BF4B-00C04F79EFBC}") = "Playout.Log", "Playout.Log\Playout.Log.csproj", "{C7D67520-2C0E-43E8-90A8-AB0D35984417}"
EndProject
Project("{2150E333-8FDC-42A3-9474-1A3956D46DE8}") = "Solution Items", "Solution Items", "{6771EEB0-BFC2-4118-8399-90F437C1FE09}"
EndProject
Project("{FAE04EC0-301F-11D3-BF4B-00C04F79EFBC}") = "Playout.Installer", "Playout.Installer\Playout.Installer.csproj", "{E85778EE-B438-4DCE-A103-08E1BD3CDB26}"
EndProject
Global
	GlobalSection(SolutionConfigurationPlatforms) = preSolution
		Debug|Any CPU = Debug|Any CPU
		Release|Any CPU = Release|Any CPU
	EndGlobalSection
	GlobalSection(ProjectConfigurationPlatforms) = postSolution
		{B156498A-3075-48A4-A5EC-5FBADC050F93}.Debug|Any CPU.ActiveCfg = Debug|Any CPU
		{B156498A-3075-48A4-A5EC-5FBADC050F93}.Debug|Any CPU.Build.0 = Debug|Any CPU
		{B156498A-3075-48A4-A5EC-5FBADC050F93}.Release|Any CPU.ActiveCfg = Release|Any CPU
		{B156498A-3075-48A4-A5EC-5FBADC050F93}.Release|Any CPU.Build.0 = Release|Any CPU
		{1E5EDFE0-890E-4C78-BC62-46AFD28B6819}.Debug|Any CPU.ActiveCfg = Debug|Any CPU
		{1E5EDFE0-890E-4C78-BC62-46AFD28B6819}.Debug|Any CPU.Build.0 = Debug|Any CPU
		{1E5EDFE0-890E-4C78-BC62-46AFD28B6819}.Release|Any CPU.ActiveCfg = Release|Any CPU
		{1E5EDFE0-890E-4C78-BC62-46AFD28B6819}.Release|Any CPU.Build.0 = Release|Any CPU
		{5C23020E-C9EE-4963-8A57-E8780F671DB6}.Debug|Any CPU.ActiveCfg = Debug|Any CPU
		{5C23020E-C9EE-4963-8A57-E8780F671DB6}.Debug|Any CPU.Build.0 = Debug|Any CPU
		{5C23020E-C9EE-4963-8A57-E8780F671DB6}.Release|Any CPU.ActiveCfg = Release|Any CPU
		{5C23020E-C9EE-4963-8A57-E8780F671DB6}.Release|Any CPU.Build.0 = Release|Any CPU
		{4148EF9E-5B5D-40BF-A5BC-AABEABD21D59}.Debug|Any CPU.ActiveCfg = Debug|Any CPU
		{4148EF9E-5B5D-40BF-A5BC-AABEABD21D59}.Debug|Any CPU.Build.0 = Debug|Any CPU
		{4148EF9E-5B5D-40BF-A5BC-AABEABD21D59}.Release|Any CPU.ActiveCfg = Release|Any CPU
		{4148EF9E-5B5D-40BF-A5BC-AABEABD21D59}.Release|Any CPU.Build.0 = Release|Any CPU
		{6C4F9D42-23D4-4C4A-B9E5-9F70C042D633}.Debug|Any CPU.ActiveCfg = Debug|Any CPU
		{6C4F9D42-23D4-4C4A-B9E5-9F70C042D633}.Debug|Any CPU.Build.0 = Debug|Any CPU
		{6C4F9D42-23D4-4C4A-B9E5-9F70C042D633}.Release|Any CPU.ActiveCfg = Release|Any CPU
		{6C4F9D42-23D4-4C4A-B9E5-9F70C042D633}.Release|Any CPU.Build.0 = Release|Any CPU
		{8158C5FC-D0A5-4EA0-8138-B1A1690ED28F}.Debug|Any CPU.ActiveCfg = Debug|Any CPU
		{8158C5FC-D0A5-4EA0-8138-B1A1690ED28F}.Debug|Any CPU.Build.0 = Debug|Any CPU
		{8158C5FC-D0A5-4EA0-8138-B1A1690ED28F}.Release|Any CPU.ActiveCfg = Release|Any CPU
		{8158C5FC-D0A5-4EA0-8138-B1A1690ED28F}.Release|Any CPU.Build.0 = Release|Any CPU
		{FECBB222-BA32-44B2-B1E5-9324729189A5}.Debug|Any CPU.ActiveCfg = Debug|Any CPU
		{FECBB222-BA32-44B2-B1E5-9324729189A5}.Debug|Any CPU.Build.0 = Debug|Any CPU
		{FECBB222-BA32-44B2-B1E5-9324729189A5}.Release|Any CPU.ActiveCfg = Release|Any CPU
		{FECBB222-BA32-44B2-B1E5-9324729189A5}.Release|Any CPU.Build.0 = Release|Any CPU
		{20D52B40-00B7-40D1-A3A0-56F3D900C0D6}.Debug|Any CPU.ActiveCfg = Debug|Any CPU
		{20D52B40-00B7-40D1-A3A0-56F3D900C0D6}.Debug|Any CPU.Build.0 = Debug|Any CPU
		{20D52B40-00B7-40D1-A3A0-56F3D900C0D6}.Release|Any CPU.ActiveCfg = Release|Any CPU
		{20D52B40-00B7-40D1-A3A0-56F3D900C0D6}.Release|Any CPU.Build.0 = Release|Any CPU
		{925D4016-8D41-4E81-9287-695C5A1E1E85}.Debug|Any CPU.ActiveCfg = Debug|Any CPU
		{925D4016-8D41-4E81-9287-695C5A1E1E85}.Debug|Any CPU.Build.0 = Debug|Any CPU
		{925D4016-8D41-4E81-9287-695C5A1E1E85}.Release|Any CPU.ActiveCfg = Release|Any CPU
		{925D4016-8D41-4E81-9287-695C5A1E1E85}.Release|Any CPU.Build.0 = Release|Any CPU
		{2688F249-C0D9-46AE-BE98-11DB0CA9E53E}.Debug|Any CPU.ActiveCfg = Debug|Any CPU
		{2688F249-C0D9-46AE-BE98-11DB0CA9E53E}.Debug|Any CPU.Build.0 = Debug|Any CPU
		{2688F249-C0D9-46AE-BE98-11DB0CA9E53E}.Release|Any CPU.ActiveCfg = Release|Any CPU
		{2688F249-C0D9-46AE-BE98-11DB0CA9E53E}.Release|Any CPU.Build.0 = Release|Any CPU
		{4C0FFEBD-E828-418E-97D1-A5E46EACFBA1}.Debug|Any CPU.ActiveCfg = Debug|Any CPU
		{4C0FFEBD-E828-418E-97D1-A5E46EACFBA1}.Debug|Any CPU.Build.0 = Debug|Any CPU
		{4C0FFEBD-E828-418E-97D1-A5E46EACFBA1}.Release|Any CPU.ActiveCfg = Release|Any CPU
		{4C0FFEBD-E828-418E-97D1-A5E46EACFBA1}.Release|Any CPU.Build.0 = Release|Any CPU
		{C7D67520-2C0E-43E8-90A8-AB0D35984417}.Debug|Any CPU.ActiveCfg = Debug|Any CPU
		{C7D67520-2C0E-43E8-90A8-AB0D35984417}.Debug|Any CPU.Build.0 = Debug|Any CPU
		{C7D67520-2C0E-43E8-90A8-AB0D35984417}.Release|Any CPU.ActiveCfg = Release|Any CPU
		{C7D67520-2C0E-43E8-90A8-AB0D35984417}.Release|Any CPU.Build.0 = Release|Any CPU
		{E85778EE-B438-4DCE-A103-08E1BD3CDB26}.Debug|Any CPU.ActiveCfg = Debug|Any CPU
		{E85778EE-B438-4DCE-A103-08E1BD3CDB26}.Debug|Any CPU.Build.0 = Debug|Any CPU
		{E85778EE-B438-4DCE-A103-08E1BD3CDB26}.Release|Any CPU.ActiveCfg = Release|Any CPU
		{E85778EE-B438-4DCE-A103-08E1BD3CDB26}.Release|Any CPU.Build.0 = Release|Any CPU
	EndGlobalSection
	GlobalSection(SolutionProperties) = preSolution
		HideSolutionNode = FALSE
	EndGlobalSection
	GlobalSection(NestedProjects) = preSolution
		{B156498A-3075-48A4-A5EC-5FBADC050F93} = {9F4B6A6F-143E-430E-AAAC-137062A8C89D}
		{1E5EDFE0-890E-4C78-BC62-46AFD28B6819} = {9F4B6A6F-143E-430E-AAAC-137062A8C89D}
		{5C23020E-C9EE-4963-8A57-E8780F671DB6} = {9F4B6A6F-143E-430E-AAAC-137062A8C89D}
		{4148EF9E-5B5D-40BF-A5BC-AABEABD21D59} = {9F4B6A6F-143E-430E-AAAC-137062A8C89D}
		{6C4F9D42-23D4-4C4A-B9E5-9F70C042D633} = {9F4B6A6F-143E-430E-AAAC-137062A8C89D}
		{8158C5FC-D0A5-4EA0-8138-B1A1690ED28F} = {9F4B6A6F-143E-430E-AAAC-137062A8C89D}
		{FECBB222-BA32-44B2-B1E5-9324729189A5} = {9F4B6A6F-143E-430E-AAAC-137062A8C89D}
		{20D52B40-00B7-40D1-A3A0-56F3D900C0D6} = {5B7F7FBF-EB93-4C90-9AA4-9E06EF30C4DB}
		{925D4016-8D41-4E81-9287-695C5A1E1E85} = {5B7F7FBF-EB93-4C90-9AA4-9E06EF30C4DB}
		{2688F249-C0D9-46AE-BE98-11DB0CA9E53E} = {9F4B6A6F-143E-430E-AAAC-137062A8C89D}
		{4C0FFEBD-E828-418E-97D1-A5E46EACFBA1} = {9F4B6A6F-143E-430E-AAAC-137062A8C89D}
		{C7D67520-2C0E-43E8-90A8-AB0D35984417} = {9F4B6A6F-143E-430E-AAAC-137062A8C89D}
		{E85778EE-B438-4DCE-A103-08E1BD3CDB26} = {9F4B6A6F-143E-430E-AAAC-137062A8C89D}
	EndGlobalSection
EndGlobal
